// !$*UTF8*$!
{
	archiveVersion = 1;
	classes = {
	};
	objectVersion = 50;
	objects = {

/* Begin PBXBuildFile section */
		ABA4AA9F21065F4D000231BF /* AppDelegate.swift in Sources */ = {isa = PBXBuildFile; fileRef = ABA4AA9E21065F4D000231BF /* AppDelegate.swift */; };
		ABA4AAA621065F50000231BF /* Assets.xcassets in Resources */ = {isa = PBXBuildFile; fileRef = ABA4AAA521065F50000231BF /* Assets.xcassets */; };
		ABA4AAA921065F50000231BF /* LaunchScreen.storyboard in Resources */ = {isa = PBXBuildFile; fileRef = ABA4AAA721065F50000231BF /* LaunchScreen.storyboard */; };
		ABA4AAB121067F79000231BF /* CoolViewController.swift in Sources */ = {isa = PBXBuildFile; fileRef = ABA4AAB021067F79000231BF /* CoolViewController.swift */; };
		ABA4AAB321068819000231BF /* CoolViewCell.swift in Sources */ = {isa = PBXBuildFile; fileRef = ABA4AAB221068819000231BF /* CoolViewCell.swift */; };
		ABA4AAB521077681000231BF /* CoolView.swift in Sources */ = {isa = PBXBuildFile; fileRef = ABA4AAB421077681000231BF /* CoolView.swift */; };
		ABA4AAB72107CF6F000231BF /* AccessoryView.swift in Sources */ = {isa = PBXBuildFile; fileRef = ABA4AAB62107CF6F000231BF /* AccessoryView.swift */; };
/* End PBXBuildFile section */

/* Begin PBXFileReference section */
		ABA4AA9B21065F4D000231BF /* Coolness.app */ = {isa = PBXFileReference; explicitFileType = wrapper.application; includeInIndex = 0; path = Coolness.app; sourceTree = BUILT_PRODUCTS_DIR; };
		ABA4AA9E21065F4D000231BF /* AppDelegate.swift */ = {isa = PBXFileReference; lastKnownFileType = sourcecode.swift; path = AppDelegate.swift; sourceTree = "<group>"; };
		ABA4AAA521065F50000231BF /* Assets.xcassets */ = {isa = PBXFileReference; lastKnownFileType = folder.assetcatalog; path = Assets.xcassets; sourceTree = "<group>"; };
		ABA4AAA821065F50000231BF /* Base */ = {isa = PBXFileReference; lastKnownFileType = file.storyboard; name = Base; path = Base.lproj/LaunchScreen.storyboard; sourceTree = "<group>"; };
		ABA4AAAA21065F50000231BF /* Info.plist */ = {isa = PBXFileReference; lastKnownFileType = text.plist.xml; path = Info.plist; sourceTree = "<group>"; };
		ABA4AAB021067F79000231BF /* CoolViewController.swift */ = {isa = PBXFileReference; lastKnownFileType = sourcecode.swift; path = CoolViewController.swift; sourceTree = "<group>"; };
		ABA4AAB221068819000231BF /* CoolViewCell.swift */ = {isa = PBXFileReference; lastKnownFileType = sourcecode.swift; path = CoolViewCell.swift; sourceTree = "<group>"; };
		ABA4AAB421077681000231BF /* CoolView.swift */ = {isa = PBXFileReference; lastKnownFileType = sourcecode.swift; path = CoolView.swift; sourceTree = "<group>"; };
		ABA4AAB62107CF6F000231BF /* AccessoryView.swift */ = {isa = PBXFileReference; lastKnownFileType = sourcecode.swift; path = AccessoryView.swift; sourceTree = "<group>"; };
/* End PBXFileReference section */

/* Begin PBXFrameworksBuildPhase section */
		ABA4AA9821065F4D000231BF /* Frameworks */ = {
			isa = PBXFrameworksBuildPhase;
			buildActionMask = 2147483647;
			files = (
			);
			runOnlyForDeploymentPostprocessing = 0;
		};
/* End PBXFrameworksBuildPhase section */

/* Begin PBXGroup section */
		ABA4AA9221065F4D000231BF = {
			isa = PBXGroup;
			children = (
				ABA4AA9D21065F4D000231BF /* Coolness */,
				ABA4AA9C21065F4D000231BF /* Products */,
			);
			sourceTree = "<group>";
		};
		ABA4AA9C21065F4D000231BF /* Products */ = {
			isa = PBXGroup;
			children = (
				ABA4AA9B21065F4D000231BF /* Coolness.app */,
			);
			name = Products;
			sourceTree = "<group>";
		};
		ABA4AA9D21065F4D000231BF /* Coolness */ = {
			isa = PBXGroup;
			children = (
				ABA4AA9E21065F4D000231BF /* AppDelegate.swift */,
				ABA4AAB021067F79000231BF /* CoolViewController.swift */,
				ABA4AAB421077681000231BF /* CoolView.swift */,
				ABA4AAB62107CF6F000231BF /* AccessoryView.swift */,
				ABA4AAB221068819000231BF /* CoolViewCell.swift */,
				ABA4AAA521065F50000231BF /* Assets.xcassets */,
				ABA4AAA721065F50000231BF /* LaunchScreen.storyboard */,
				ABA4AAAA21065F50000231BF /* Info.plist */,
			);
			path = Coolness;
			sourceTree = "<group>";
		};
/* End PBXGroup section */

/* Begin PBXNativeTarget section */
		ABA4AA9A21065F4D000231BF /* Coolness */ = {
			isa = PBXNativeTarget;
			buildConfigurationList = ABA4AAAD21065F50000231BF /* Build configuration list for PBXNativeTarget "Coolness" */;
			buildPhases = (
				ABA4AA9721065F4D000231BF /* Sources */,
				ABA4AA9821065F4D000231BF /* Frameworks */,
				ABA4AA9921065F4D000231BF /* Resources */,
			);
			buildRules = (
			);
			dependencies = (
			);
			name = Coolness;
			productName = Coolness;
			productReference = ABA4AA9B21065F4D000231BF /* Coolness.app */;
			productType = "com.apple.product-type.application";
		};
/* End PBXNativeTarget section */

/* Begin PBXProject section */
		ABA4AA9321065F4D000231BF /* Project object */ = {
			isa = PBXProject;
			attributes = {
				LastSwiftUpdateCheck = 0930;
				LastUpgradeCheck = 0930;
				ORGANIZATIONNAME = "About Objects";
				TargetAttributes = {
					ABA4AA9A21065F4D000231BF = {
						CreatedOnToolsVersion = 9.3;
					};
				};
			};
			buildConfigurationList = ABA4AA9621065F4D000231BF /* Build configuration list for PBXProject "Coolness" */;
			compatibilityVersion = "Xcode 9.3";
			developmentRegion = en;
			hasScannedForEncodings = 0;
			knownRegions = (
				en,
				Base,
			);
			mainGroup = ABA4AA9221065F4D000231BF;
			productRefGroup = ABA4AA9C21065F4D000231BF /* Products */;
			projectDirPath = "";
			projectRoot = "";
			targets = (
				ABA4AA9A21065F4D000231BF /* Coolness */,
			);
		};
/* End PBXProject section */

/* Begin PBXResourcesBuildPhase section */
		ABA4AA9921065F4D000231BF /* Resources */ = {
			isa = PBXResourcesBuildPhase;
			buildActionMask = 2147483647;
			files = (
				ABA4AAA921065F50000231BF /* LaunchScreen.storyboard in Resources */,
				ABA4AAA621065F50000231BF /* Assets.xcassets in Resources */,
			);
			runOnlyForDeploymentPostprocessing = 0;
		};
/* End PBXResourcesBuildPhase section */

/* Begin PBXSourcesBuildPhase section */
		ABA4AA9721065F4D000231BF /* Sources */ = {
			isa = PBXSourcesBuildPhase;
			buildActionMask = 2147483647;
			files = (
				ABA4AA9F21065F4D000231BF /* AppDelegate.swift in Sources */,
				ABA4AAB72107CF6F000231BF /* AccessoryView.swift in Sources */,
				ABA4AAB521077681000231BF /* CoolView.swift in Sources */,
				ABA4AAB121067F79000231BF /* CoolViewController.swift in Sources */,
				ABA4AAB321068819000231BF /* CoolViewCell.swift in Sources */,
			);
			runOnlyForDeploymentPostprocessing = 0;
		};
/* End PBXSourcesBuildPhase section */

/* Begin PBXVariantGroup section */
		ABA4AAA721065F50000231BF /* LaunchScreen.storyboard */ = {
			isa = PBXVariantGroup;
			children = (
				ABA4AAA821065F50000231BF /* Base */,
			);
			name = LaunchScreen.storyboard;
			sourceTree = "<group>";
		};
/* End PBXVariantGroup section */

/* Begin XCBuildConfiguration section */
		ABA4AAAB21065F50000231BF /* Debug */ = {
			isa = XCBuildConfiguration;
			buildSettings = {
				ALWAYS_SEARCH_USER_PATHS = NO;
				CLANG_ANALYZER_NONNULL = YES;
				CLANG_ANALYZER_NUMBER_OBJECT_CONVERSION = YES_AGGRESSIVE;
				CLANG_CXX_LANGUAGE_STANDARD = "gnu++14";
				CLANG_CXX_LIBRARY = "libc++";
				CLANG_ENABLE_MODULES = YES;
				CLANG_ENABLE_OBJC_ARC = YES;
				CLANG_ENABLE_OBJC_WEAK = YES;
				CLANG_WARN_BLOCK_CAPTURE_AUTORELEASING = YES;
				CLANG_WARN_BOOL_CONVERSION = YES;
				CLANG_WARN_COMMA = YES;
				CLANG_WARN_CONSTANT_CONVERSION = YES;
				CLANG_WARN_DEPRECATED_OBJC_IMPLEMENTATIONS = YES;
				CLANG_WARN_DIRECT_OBJC_ISA_USAGE = YES_ERROR;
				CLANG_WARN_DOCUMENTATION_COMMENTS = YES;
				CLANG_WARN_EMPTY_BODY = YES;
				CLANG_WARN_ENUM_CONVERSION = YES;
				CLANG_WARN_INFINITE_RECURSION = YES;
				CLANG_WARN_INT_CONVERSION = YES;
				CLANG_WARN_NON_LITERAL_NULL_CONVERSION = YES;
				CLANG_WARN_OBJC_IMPLICIT_RETAIN_SELF = YES;
				CLANG_WARN_OBJC_LITERAL_CONVERSION = YES;
				CLANG_WARN_OBJC_ROOT_CLASS = YES_ERROR;
				CLANG_WARN_RANGE_LOOP_ANALYSIS = YES;
				CLANG_WARN_STRICT_PROTOTYPES = YES;
				CLANG_WARN_SUSPICIOUS_MOVE = YES;
				CLANG_WARN_UNGUARDED_AVAILABILITY = YES_AGGRESSIVE;
				CLANG_WARN_UNREACHABLE_CODE = YES;
				CLANG_WARN__DUPLICATE_METHOD_MATCH = YES;
				CODE_SIGN_IDENTITY = "iPhone Developer";
				COPY_PHASE_STRIP = NO;
				DEBUG_INFORMATION_FORMAT = dwarf;
				ENABLE_STRICT_OBJC_MSGSEND = YES;
				ENABLE_TESTABILITY = YES;
				GCC_C_LANGUAGE_STANDARD = gnu11;
				GCC_DYNAMIC_NO_PIC = NO;
				GCC_NO_COMMON_BLOCKS = YES;
				GCC_OPTIMIZATION_LEVEL = 0;
				GCC_PREPROCESSOR_DEFINITIONS = (
					"DEBUG=1",
					"$(inherited)",
				);
				GCC_WARN_64_TO_32_BIT_CONVERSION = YES;
				GCC_WARN_ABOUT_RETURN_TYPE = YES_ERROR;
				GCC_WARN_UNDECLARED_SELECTOR = YES;
				GCC_WARN_UNINITIALIZED_AUTOS = YES_AGGRESSIVE;
				GCC_WARN_UNUSED_FUNCTION = YES;
				GCC_WARN_UNUSED_VARIABLE = YES;
				IPHONEOS_DEPLOYMENT_TARGET = 11.3;
				MTL_ENABLE_DEBUG_INFO = YES;
				ONLY_ACTIVE_ARCH = YES;
				SDKROOT = iphoneos;
				SWIFT_ACTIVE_COMPILATION_CONDITIONS = DEBUG;
				SWIFT_OPTIMIZATION_LEVEL = "-Onone";
			};
			name = Debug;
		};
		ABA4AAAC21065F50000231BF /* Release */ = {
			isa = XCBuildConfiguration;
			buildSettings = {
				ALWAYS_SEARCH_USER_PATHS = NO;
				CLANG_ANALYZER_NONNULL = YES;
				CLANG_ANALYZER_NUMBER_OBJECT_CONVERSION = YES_AGGRESSIVE;
				CLANG_CXX_LANGUAGE_STANDARD = "gnu++14";
				CLANG_CXX_LIBRARY = "libc++";
				CLANG_ENABLE_MODULES = YES;
				CLANG_ENABLE_OBJC_ARC = YES;
				CLANG_ENABLE_OBJC_WEAK = YES;
				CLANG_WARN_BLOCK_CAPTURE_AUTORELEASING = YES;
				CLANG_WARN_BOOL_CONVERSION = YES;
				CLANG_WARN_COMMA = YES;
				CLANG_WARN_CONSTANT_CONVERSION = YES;
				CLANG_WARN_DEPRECATED_OBJC_IMPLEMENTATIONS = YES;
				CLANG_WARN_DIRECT_OBJC_ISA_USAGE = YES_ERROR;
				CLANG_WARN_DOCUMENTATION_COMMENTS = YES;
				CLANG_WARN_EMPTY_BODY = YES;
				CLANG_WARN_ENUM_CONVERSION = YES;
				CLANG_WARN_INFINITE_RECURSION = YES;
				CLANG_WARN_INT_CONVERSION = YES;
				CLANG_WARN_NON_LITERAL_NULL_CONVERSION = YES;
				CLANG_WARN_OBJC_IMPLICIT_RETAIN_SELF = YES;
				CLANG_WARN_OBJC_LITERAL_CONVERSION = YES;
				CLANG_WARN_OBJC_ROOT_CLASS = YES_ERROR;
				CLANG_WARN_RANGE_LOOP_ANALYSIS = YES;
				CLANG_WARN_STRICT_PROTOTYPES = YES;
				CLANG_WARN_SUSPICIOUS_MOVE = YES;
				CLANG_WARN_UNGUARDED_AVAILABILITY = YES_AGGRESSIVE;
				CLANG_WARN_UNREACHABLE_CODE = YES;
				CLANG_WARN__DUPLICATE_METHOD_MATCH = YES;
				CODE_SIGN_IDENTITY = "iPhone Developer";
				COPY_PHASE_STRIP = NO;
				DEBUG_INFORMATION_FORMAT = "dwarf-with-dsym";
				ENABLE_NS_ASSERTIONS = NO;
				ENABLE_STRICT_OBJC_MSGSEND = YES;
				GCC_C_LANGUAGE_STANDARD = gnu11;
				GCC_NO_COMMON_BLOCKS = YES;
				GCC_WARN_64_TO_32_BIT_CONVERSION = YES;
				GCC_WARN_ABOUT_RETURN_TYPE = YES_ERROR;
				GCC_WARN_UNDECLARED_SELECTOR = YES;
				GCC_WARN_UNINITIALIZED_AUTOS = YES_AGGRESSIVE;
				GCC_WARN_UNUSED_FUNCTION = YES;
				GCC_WARN_UNUSED_VARIABLE = YES;
				IPHONEOS_DEPLOYMENT_TARGET = 11.3;
				MTL_ENABLE_DEBUG_INFO = NO;
				SDKROOT = iphoneos;
				SWIFT_COMPILATION_MODE = wholemodule;
				SWIFT_OPTIMIZATION_LEVEL = "-O";
				VALIDATE_PRODUCT = YES;
			};
			name = Release;
		};
		ABA4AAAE21065F50000231BF /* Debug */ = {
			isa = XCBuildConfiguration;
			buildSettings = {
				ASSETCATALOG_COMPILER_APPICON_NAME = AppIcon;
				CODE_SIGN_STYLE = Automatic;
				DEVELOPMENT_TEAM = 7J7LD9SB6Q;
				INFOPLIST_FILE = Coolness/Info.plist;
				LD_RUNPATH_SEARCH_PATHS = (
					"$(inherited)",
					"@executable_path/Frameworks",
				);
				PRODUCT_BUNDLE_IDENTIFIER = com.aboutobjects.Coolness;
				PRODUCT_NAME = "$(TARGET_NAME)";
				SWIFT_VERSION = 4.0;
				TARGETED_DEVICE_FAMILY = "1,2";
			};
			name = Debug;
		};
		ABA4AAAF21065F50000231BF /* Release */ = {
			isa = XCBuildConfiguration;
			buildSettings = {
				ASSETCATALOG_COMPILER_APPICON_NAME = AppIcon;
				CODE_SIGN_STYLE = Automatic;
				DEVELOPMENT_TEAM = 7J7LD9SB6Q;
				INFOPLIST_FILE = Coolness/Info.plist;
				LD_RUNPATH_SEARCH_PATHS = (
					"$(inherited)",
					"@executable_path/Frameworks",
				);
				PRODUCT_BUNDLE_IDENTIFIER = com.aboutobjects.Coolness;
				PRODUCT_NAME = "$(TARGET_NAME)";
				SWIFT_VERSION = 4.0;
				TARGETED_DEVICE_FAMILY = "1,2";
			};
			name = Release;
		};
/* End XCBuildConfiguration section */

/* Begin XCConfigurationList section */
		ABA4AA9621065F4D000231BF /* Build configuration list for PBXProject "Coolness" */ = {
			isa = XCConfigurationList;
			buildConfigurations = (
				ABA4AAAB21065F50000231BF /* Debug */,
				ABA4AAAC21065F50000231BF /* Release */,
			);
			defaultConfigurationIsVisible = 0;
			defaultConfigurationName = Release;
		};
		ABA4AAAD21065F50000231BF /* Build configuration list for PBXNativeTarget "Coolness" */ = {
			isa = XCConfigurationList;
			buildConfigurations = (
				ABA4AAAE21065F50000231BF /* Debug */,
				ABA4AAAF21065F50000231BF /* Release */,
			);
			defaultConfigurationIsVisible = 0;
			defaultConfigurationName = Release;
		};
/* End XCConfigurationList section */
	};
	rootObject = ABA4AA9321065F4D000231BF /* Project object */;
}
